lockfileVersion: '9.0'

settings:
  autoInstallPeers: true
  excludeLinksFromLockfile: false

importers:

  .:
    dependencies:
      '@tanstack/react-query':
        specifier: ^5.90.5
        version: 5.90.9(react@19.2.0)
      class-variance-authority:
        specifier: ^0.7.1
        version: 0.7.1
      clsx:
        specifier: ^2.1.1
        version: 2.1.1
      framer-motion:
        specifier: ^12.23.24
        version: 12.23.24(react@19.2.0)
      howler:
        specifier: ^2.2.4
        version: 2.2.4
      tailwind-merge:
        specifier: ^3.3.1
        version: 3.4.0
      zustand:
        specifier: ^5.0.8
        version: 5.0.8(react@19.2.0)
    devDependencies:
      '@types/howler':
        specifier: ^2.2.12
        version: 2.2.12

packages:

  '@tanstack/query-core@5.90.9':
    resolution: {integrity: sha512-UFOCQzi6pRGeVTVlPNwNdnAvT35zugcIydqjvFUzG62dvz2iVjElmNp/hJkUoM5eqbUPfSU/GJIr/wbvD8bTUw==}

  '@tanstack/react-query@5.90.9':
    resolution: {integrity: sha512-Zke2AaXiaSfnG8jqPZR52m8SsclKT2d9//AgE/QIzyNvbpj/Q2ln+FsZjb1j69bJZUouBvX2tg9PHirkTm8arw==}
    peerDependencies:
      react: ^18 || ^19

  '@types/howler@2.2.12':
    resolution: {integrity: sha512-hy769UICzOSdK0Kn1FBk4gN+lswcj1EKRkmiDtMkUGvFfYJzgaDXmVXkSShS2m89ERAatGIPnTUlp2HhfkVo5g==}

  class-variance-authority@0.7.1:
    resolution: {integrity: sha512-Ka+9Trutv7G8M6WT6SeiRWz792K5qEqIGEGzXKhAE6xOWAY6pPH8U+9IY3oCMv6kqTmLsv7Xh/2w2RigkePMsg==}

  clsx@2.1.1:
    resolution: {integrity: sha512-eYm0QWBtUrBWZWG0d386OGAw16Z995PiOVo2B7bjWSbHedGl5e0ZWaq65kOGgUSNesEIDkB9ISbTg/JK9dhCZA==}
    engines: {node: '>=6'}

  framer-motion@12.23.24:
    resolution: {integrity: sha512-HMi5HRoRCTou+3fb3h9oTLyJGBxHfW+HnNE25tAXOvVx/IvwMHK0cx7IR4a2ZU6sh3IX1Z+4ts32PcYBOqka8w==}
    peerDependencies:
      '@emotion/is-prop-valid': '*'
      react: ^18.0.0 || ^19.0.0
      react-dom: ^18.0.0 || ^19.0.0
    peerDependenciesMeta:
      '@emotion/is-prop-valid':
        optional: true
      react:
        optional: true
      react-dom:
        optional: true

  howler@2.2.4:
    resolution: {integrity: sha512-iARIBPgcQrwtEr+tALF+rapJ8qSc+Set2GJQl7xT1MQzWaVkFebdJhR3alVlSiUf5U7nAANKuj3aWpwerocD5w==}

  motion-dom@12.23.23:
    resolution: {integrity: sha512-n5yolOs0TQQBRUFImrRfs/+6X4p3Q4n1dUEqt/H58Vx7OW6RF+foWEgmTVDhIWJIMXOuNNL0apKH2S16en9eiA==}

  motion-utils@12.23.6:
    resolution: {integrity: sha512-eAWoPgr4eFEOFfg2WjIsMoqJTW6Z8MTUCgn/GZ3VRpClWBdnbjryiA3ZSNLyxCTmCQx4RmYX6jX1iWHbenUPNQ==}

  react@19.2.0:
    resolution: {integrity: sha512-tmbWg6W31tQLeB5cdIBOicJDJRR2KzXsV7uSK9iNfLWQ5bIZfxuPEHp7M8wiHyHnn0DD1i7w3Zmin0FtkrwoCQ==}
    engines: {node: '>=0.10.0'}

  tailwind-merge@3.4.0:
    resolution: {integrity: sha512-uSaO4gnW+b3Y2aWoWfFpX62vn2sR3skfhbjsEnaBI81WD1wBLlHZe5sWf0AqjksNdYTbGBEd0UasQMT3SNV15g==}

  tslib@2.8.1:
    resolution: {integrity: sha512-oJFu94HQb+KVduSUQL7wnpmqnfmLsOA/nAh6b6EH0wCEoK0/mPeXU6c3wKDV83MkOuHPRHtSXKKU99IBazS/2w==}

  zustand@5.0.8:
    resolution: {integrity: sha512-gyPKpIaxY9XcO2vSMrLbiER7QMAMGOQZVRdJ6Zi782jkbzZygq5GI9nG8g+sMgitRtndwaBSl7uiqC49o1SSiw==}
    engines: {node: '>=12.20.0'}
    peerDependencies:
      '@types/react': '>=18.0.0'
      immer: '>=9.0.6'
      react: '>=18.0.0'
      use-sync-external-store: '>=1.2.0'
    peerDependenciesMeta:
      '@types/react':
        optional: true
      immer:
        optional: true
      react:
        optional: true
      use-sync-external-store:
        optional: true

snapshots:

  '@tanstack/query-core@5.90.9': {}

  '@tanstack/react-query@5.90.9(react@19.2.0)':
    dependencies:
      '@tanstack/query-core': 5.90.9
      react: 19.2.0

  '@types/howler@2.2.12': {}

  class-variance-authority@0.7.1:
    dependencies:
      clsx: 2.1.1

  clsx@2.1.1: {}

  framer-motion@12.23.24(react@19.2.0):
    dependencies:
      motion-dom: 12.23.23
      motion-utils: 12.23.6
      tslib: 2.8.1
    optionalDependencies:
      react: 19.2.0

  howler@2.2.4: {}

  motion-dom@12.23.23:
    dependencies:
      motion-utils: 12.23.6

  motion-utils@12.23.6: {}

  react@19.2.0: {}

  tailwind-merge@3.4.0: {}

  tslib@2.8.1: {}

  zustand@5.0.8(react@19.2.0):
    optionalDependencies:
      react: 19.2.0
